// !$*UTF8*$!
{
	archiveVersion = 1;
	classes = {
	};
	objectVersion = 46;
	objects = {

/* Begin PBXBuildFile section */
		385597BD8606CE4C1F9118AC /* libPods.a in Frameworks */ = {isa = PBXBuildFile; fileRef = 962928B9A33FC0F0A876A0B1 /* libPods.a */; };
		C70ADF591A433D1400E182AE /* main.m in Sources */ = {isa = PBXBuildFile; fileRef = C70ADF581A433D1400E182AE /* main.m */; };
		C70ADF5C1A433D1400E182AE /* AppDelegate.m in Sources */ = {isa = PBXBuildFile; fileRef = C70ADF5B1A433D1400E182AE /* AppDelegate.m */; };
		C70ADF5F1A433D1400E182AE /* ViewController.m in Sources */ = {isa = PBXBuildFile; fileRef = C70ADF5E1A433D1400E182AE /* ViewController.m */; };
		C70ADF621A433D1400E182AE /* Main.storyboard in Resources */ = {isa = PBXBuildFile; fileRef = C70ADF601A433D1400E182AE /* Main.storyboard */; };
		C70ADF641A433D1400E182AE /* Images.xcassets in Resources */ = {isa = PBXBuildFile; fileRef = C70ADF631A433D1400E182AE /* Images.xcassets */; };
		C70ADF671A433D1400E182AE /* LaunchScreen.xib in Resources */ = {isa = PBXBuildFile; fileRef = C70ADF651A433D1400E182AE /* LaunchScreen.xib */; };
		C70ADF731A433D1400E182AE /* _chLeaderTests.m in Sources */ = {isa = PBXBuildFile; fileRef = C70ADF721A433D1400E182AE /* _chLeaderTests.m */; };
		C752AC321A529DF00099BF8E /* webViewController.m in Sources */ = {isa = PBXBuildFile; fileRef = C752AC311A529DF00099BF8E /* webViewController.m */; };
		C78364621A566CD600E57382 /* CFNetwork.framework in Frameworks */ = {isa = PBXBuildFile; fileRef = C78364611A566CD600E57382 /* CFNetwork.framework */; };
		C78364641A566CDE00E57382 /* SystemConfiguration.framework in Frameworks */ = {isa = PBXBuildFile; fileRef = C78364631A566CDE00E57382 /* SystemConfiguration.framework */; };
		C78364661A566CE900E57382 /* StoreKit.framework in Frameworks */ = {isa = PBXBuildFile; fileRef = C78364651A566CE900E57382 /* StoreKit.framework */; settings = {ATTRIBUTES = (Weak, ); }; };
		C7A0EB251A4492CD00C36DFC /* SettingViewController.m in Sources */ = {isa = PBXBuildFile; fileRef = C7A0EB241A4492CD00C36DFC /* SettingViewController.m */; };
/* End PBXBuildFile section */

/* Begin PBXContainerItemProxy section */
		C70ADF6D1A433D1400E182AE /* PBXContainerItemProxy */ = {
			isa = PBXContainerItemProxy;
			containerPortal = C70ADF4B1A433D1400E182AE /* Project object */;
			proxyType = 1;
			remoteGlobalIDString = C70ADF521A433D1400E182AE;
			remoteInfo = 2chLeader;
		};
/* End PBXContainerItemProxy section */

/* Begin PBXFileReference section */
		15B32DFB39DFD204AA977B0C /* Pods.debug.xcconfig */ = {isa = PBXFileReference; includeInIndex = 1; lastKnownFileType = text.xcconfig; name = Pods.debug.xcconfig; path = "Pods/Target Support Files/Pods/Pods.debug.xcconfig"; sourceTree = "<group>"; };
		962928B9A33FC0F0A876A0B1 /* libPods.a */ = {isa = PBXFileReference; explicitFileType = archive.ar; includeInIndex = 0; path = libPods.a; sourceTree = BUILT_PRODUCTS_DIR; };
		C70ADF531A433D1400E182AE /* socialmatome.app */ = {isa = PBXFileReference; explicitFileType = wrapper.application; includeInIndex = 0; path = socialmatome.app; sourceTree = BUILT_PRODUCTS_DIR; };
		C70ADF571A433D1400E182AE /* Info.plist */ = {isa = PBXFileReference; lastKnownFileType = text.plist.xml; path = Info.plist; sourceTree = "<group>"; };
		C70ADF581A433D1400E182AE /* main.m */ = {isa = PBXFileReference; lastKnownFileType = sourcecode.c.objc; path = main.m; sourceTree = "<group>"; };
		C70ADF5A1A433D1400E182AE /* AppDelegate.h */ = {isa = PBXFileReference; lastKnownFileType = sourcecode.c.h; path = AppDelegate.h; sourceTree = "<group>"; };
		C70ADF5B1A433D1400E182AE /* AppDelegate.m */ = {isa = PBXFileReference; lastKnownFileType = sourcecode.c.objc; path = AppDelegate.m; sourceTree = "<group>"; };
		C70ADF5D1A433D1400E182AE /* ViewController.h */ = {isa = PBXFileReference; lastKnownFileType = sourcecode.c.h; path = ViewController.h; sourceTree = "<group>"; };
		C70ADF5E1A433D1400E182AE /* ViewController.m */ = {isa = PBXFileReference; lastKnownFileType = sourcecode.c.objc; path = ViewController.m; sourceTree = "<group>"; };
		C70ADF611A433D1400E182AE /* Base */ = {isa = PBXFileReference; lastKnownFileType = file.storyboard; name = Base; path = Base.lproj/Main.storyboard; sourceTree = "<group>"; };
		C70ADF631A433D1400E182AE /* Images.xcassets */ = {isa = PBXFileReference; lastKnownFileType = folder.assetcatalog; path = Images.xcassets; sourceTree = "<group>"; };
		C70ADF661A433D1400E182AE /* Base */ = {isa = PBXFileReference; lastKnownFileType = file.xib; name = Base; path = Base.lproj/LaunchScreen.xib; sourceTree = "<group>"; };
		C70ADF6C1A433D1400E182AE /* socialmatomeTests.xctest */ = {isa = PBXFileReference; explicitFileType = wrapper.cfbundle; includeInIndex = 0; path = socialmatomeTests.xctest; sourceTree = BUILT_PRODUCTS_DIR; };
		C70ADF711A433D1400E182AE /* Info.plist */ = {isa = PBXFileReference; lastKnownFileType = text.plist.xml; path = Info.plist; sourceTree = "<group>"; };
		C70ADF721A433D1400E182AE /* _chLeaderTests.m */ = {isa = PBXFileReference; lastKnownFileType = sourcecode.c.objc; path = _chLeaderTests.m; sourceTree = "<group>"; };
		C752AC301A529DF00099BF8E /* webViewController.h */ = {isa = PBXFileReference; fileEncoding = 4; lastKnownFileType = sourcecode.c.h; path = webViewController.h; sourceTree = "<group>"; };
		C752AC311A529DF00099BF8E /* webViewController.m */ = {isa = PBXFileReference; fileEncoding = 4; lastKnownFileType = sourcecode.c.objc; path = webViewController.m; sourceTree = "<group>"; };
		C78364611A566CD600E57382 /* CFNetwork.framework */ = {isa = PBXFileReference; lastKnownFileType = wrapper.framework; name = CFNetwork.framework; path = System/Library/Frameworks/CFNetwork.framework; sourceTree = SDKROOT; };
		C78364631A566CDE00E57382 /* SystemConfiguration.framework */ = {isa = PBXFileReference; lastKnownFileType = wrapper.framework; name = SystemConfiguration.framework; path = System/Library/Frameworks/SystemConfiguration.framework; sourceTree = SDKROOT; };
		C78364651A566CE900E57382 /* StoreKit.framework */ = {isa = PBXFileReference; lastKnownFileType = wrapper.framework; name = StoreKit.framework; path = System/Library/Frameworks/StoreKit.framework; sourceTree = SDKROOT; };
		C78364671A566EA500E57382 /* ja */ = {isa = PBXFileReference; lastKnownFileType = text.plist.strings; name = ja; path = ja.lproj/Main.strings; sourceTree = "<group>"; };
		C78364681A566EA500E57382 /* ja */ = {isa = PBXFileReference; lastKnownFileType = text.plist.strings; name = ja; path = ja.lproj/LaunchScreen.strings; sourceTree = "<group>"; };
		C7A0EB231A4492CD00C36DFC /* SettingViewController.h */ = {isa = PBXFileReference; fileEncoding = 4; lastKnownFileType = sourcecode.c.h; path = SettingViewController.h; sourceTree = "<group>"; };
		C7A0EB241A4492CD00C36DFC /* SettingViewController.m */ = {isa = PBXFileReference; fileEncoding = 4; lastKnownFileType = sourcecode.c.objc; path = SettingViewController.m; sourceTree = "<group>"; };
		D03AE9022B4022524D424A42 /* Pods.release.xcconfig */ = {isa = PBXFileReference; includeInIndex = 1; lastKnownFileType = text.xcconfig; name = Pods.release.xcconfig; path = "Pods/Target Support Files/Pods/Pods.release.xcconfig"; sourceTree = "<group>"; };
/* End PBXFileReference section */

/* Begin PBXFrameworksBuildPhase section */
		C70ADF501A433D1400E182AE /* Frameworks */ = {
			isa = PBXFrameworksBuildPhase;
			buildActionMask = 2147483647;
			files = (
				C78364661A566CE900E57382 /* StoreKit.framework in Frameworks */,
				C78364641A566CDE00E57382 /* SystemConfiguration.framework in Frameworks */,
				C78364621A566CD600E57382 /* CFNetwork.framework in Frameworks */,
				385597BD8606CE4C1F9118AC /* libPods.a in Frameworks */,
			);
			runOnlyForDeploymentPostprocessing = 0;
		};
		C70ADF691A433D1400E182AE /* Frameworks */ = {
			isa = PBXFrameworksBuildPhase;
			buildActionMask = 2147483647;
			files = (
			);
			runOnlyForDeploymentPostprocessing = 0;
		};
/* End PBXFrameworksBuildPhase section */

/* Begin PBXGroup section */
		C70ADF4A1A433D1400E182AE = {
			isa = PBXGroup;
			children = (
				C70ADF551A433D1400E182AE /* 2chLeader */,
				C70ADF6F1A433D1400E182AE /* 2chLeaderTests */,
				C70ADF541A433D1400E182AE /* Products */,
				F9E147806A14A1BE19DD5DC6 /* Pods */,
				DA47860E2E4EEF0895738B09 /* Frameworks */,
			);
			sourceTree = "<group>";
		};
		C70ADF541A433D1400E182AE /* Products */ = {
			isa = PBXGroup;
			children = (
				C70ADF531A433D1400E182AE /* socialmatome.app */,
				C70ADF6C1A433D1400E182AE /* socialmatomeTests.xctest */,
			);
			name = Products;
			sourceTree = "<group>";
		};
		C70ADF551A433D1400E182AE /* 2chLeader */ = {
			isa = PBXGroup;
			children = (
				C70ADF5A1A433D1400E182AE /* AppDelegate.h */,
				C70ADF5B1A433D1400E182AE /* AppDelegate.m */,
				C70ADF5D1A433D1400E182AE /* ViewController.h */,
				C70ADF5E1A433D1400E182AE /* ViewController.m */,
				C70ADF601A433D1400E182AE /* Main.storyboard */,
				C752AC301A529DF00099BF8E /* webViewController.h */,
				C752AC311A529DF00099BF8E /* webViewController.m */,
				C7A0EB231A4492CD00C36DFC /* SettingViewController.h */,
				C7A0EB241A4492CD00C36DFC /* SettingViewController.m */,
				C70ADF631A433D1400E182AE /* Images.xcassets */,
				C70ADF651A433D1400E182AE /* LaunchScreen.xib */,
				C70ADF561A433D1400E182AE /* Supporting Files */,
			);
			path = 2chLeader;
			sourceTree = "<group>";
		};
		C70ADF561A433D1400E182AE /* Supporting Files */ = {
			isa = PBXGroup;
			children = (
				C70ADF571A433D1400E182AE /* Info.plist */,
				C70ADF581A433D1400E182AE /* main.m */,
			);
			name = "Supporting Files";
			sourceTree = "<group>";
		};
		C70ADF6F1A433D1400E182AE /* 2chLeaderTests */ = {
			isa = PBXGroup;
			children = (
				C70ADF721A433D1400E182AE /* _chLeaderTests.m */,
				C70ADF701A433D1400E182AE /* Supporting Files */,
			);
			path = 2chLeaderTests;
			sourceTree = "<group>";
		};
		C70ADF701A433D1400E182AE /* Supporting Files */ = {
			isa = PBXGroup;
			children = (
				C70ADF711A433D1400E182AE /* Info.plist */,
			);
			name = "Supporting Files";
			sourceTree = "<group>";
		};
		DA47860E2E4EEF0895738B09 /* Frameworks */ = {
			isa = PBXGroup;
			children = (
				C78364651A566CE900E57382 /* StoreKit.framework */,
				C78364631A566CDE00E57382 /* SystemConfiguration.framework */,
				C78364611A566CD600E57382 /* CFNetwork.framework */,
				962928B9A33FC0F0A876A0B1 /* libPods.a */,
			);
			name = Frameworks;
			sourceTree = "<group>";
		};
		F9E147806A14A1BE19DD5DC6 /* Pods */ = {
			isa = PBXGroup;
			children = (
				15B32DFB39DFD204AA977B0C /* Pods.debug.xcconfig */,
				D03AE9022B4022524D424A42 /* Pods.release.xcconfig */,
			);
			name = Pods;
			sourceTree = "<group>";
		};
/* End PBXGroup section */

/* Begin PBXNativeTarget section */
		C70ADF521A433D1400E182AE /* socialmatome */ = {
			isa = PBXNativeTarget;
			buildConfigurationList = C70ADF761A433D1400E182AE /* Build configuration list for PBXNativeTarget "socialmatome" */;
			buildPhases = (
				E070E57BC12C2F3F873F04CE /* Check Pods Manifest.lock */,
				C70ADF4F1A433D1400E182AE /* Sources */,
				C70ADF501A433D1400E182AE /* Frameworks */,
				C70ADF511A433D1400E182AE /* Resources */,
				427AD5D6F965605CD5C5F62E /* Copy Pods Resources */,
			);
			buildRules = (
			);
			dependencies = (
			);
			name = socialmatome;
			productName = 2chLeader;
			productReference = C70ADF531A433D1400E182AE /* socialmatome.app */;
			productType = "com.apple.product-type.application";
		};
		C70ADF6B1A433D1400E182AE /* socialmatomeTests */ = {
			isa = PBXNativeTarget;
			buildConfigurationList = C70ADF791A433D1400E182AE /* Build configuration list for PBXNativeTarget "socialmatomeTests" */;
			buildPhases = (
				C70ADF681A433D1400E182AE /* Sources */,
				C70ADF691A433D1400E182AE /* Frameworks */,
				C70ADF6A1A433D1400E182AE /* Resources */,
			);
			buildRules = (
			);
			dependencies = (
				C70ADF6E1A433D1400E182AE /* PBXTargetDependency */,
			);
			name = socialmatomeTests;
			productName = 2chLeaderTests;
			productReference = C70ADF6C1A433D1400E182AE /* socialmatomeTests.xctest */;
			productType = "com.apple.product-type.bundle.unit-test";
		};
/* End PBXNativeTarget section */

/* Begin PBXProject section */
		C70ADF4B1A433D1400E182AE /* Project object */ = {
			isa = PBXProject;
			attributes = {
				LastUpgradeCheck = 0610;
				ORGANIZATIONNAME = ohtatomotaka;
				TargetAttributes = {
					C70ADF521A433D1400E182AE = {
						CreatedOnToolsVersion = 6.1.1;
						DevelopmentTeam = XN6SDZBGFY;
					};
					C70ADF6B1A433D1400E182AE = {
						CreatedOnToolsVersion = 6.1.1;
						TestTargetID = C70ADF521A433D1400E182AE;
					};
				};
			};
			buildConfigurationList = C70ADF4E1A433D1400E182AE /* Build configuration list for PBXProject "socialmatome" */;
			compatibilityVersion = "Xcode 3.2";
			developmentRegion = English;
			hasScannedForEncodings = 0;
			knownRegions = (
				en,
				Base,
			);
			mainGroup = C70ADF4A1A433D1400E182AE;
			productRefGroup = C70ADF541A433D1400E182AE /* Products */;
			projectDirPath = "";
			projectRoot = "";
			targets = (
				C70ADF521A433D1400E182AE /* socialmatome */,
				C70ADF6B1A433D1400E182AE /* socialmatomeTests */,
			);
		};
/* End PBXProject section */

/* Begin PBXResourcesBuildPhase section */
		C70ADF511A433D1400E182AE /* Resources */ = {
			isa = PBXResourcesBuildPhase;
			buildActionMask = 2147483647;
			files = (
				C70ADF621A433D1400E182AE /* Main.storyboard in Resources */,
				C70ADF671A433D1400E182AE /* LaunchScreen.xib in Resources */,
				C70ADF641A433D1400E182AE /* Images.xcassets in Resources */,
			);
			runOnlyForDeploymentPostprocessing = 0;
		};
		C70ADF6A1A433D1400E182AE /* Resources */ = {
			isa = PBXResourcesBuildPhase;
			buildActionMask = 2147483647;
			files = (
			);
			runOnlyForDeploymentPostprocessing = 0;
		};
/* End PBXResourcesBuildPhase section */

/* Begin PBXShellScriptBuildPhase section */
		427AD5D6F965605CD5C5F62E /* Copy Pods Resources */ = {
			isa = PBXShellScriptBuildPhase;
			buildActionMask = 2147483647;
			files = (
			);
			inputPaths = (
			);
			name = "Copy Pods Resources";
			outputPaths = (
			);
			runOnlyForDeploymentPostprocessing = 0;
			shellPath = /bin/sh;
			shellScript = "\"${SRCROOT}/Pods/Target Support Files/Pods/Pods-resources.sh\"\n";
			showEnvVarsInLog = 0;
		};
		E070E57BC12C2F3F873F04CE /* Check Pods Manifest.lock */ = {
			isa = PBXShellScriptBuildPhase;
			buildActionMask = 2147483647;
			files = (
			);
			inputPaths = (
			);
			name = "Check Pods Manifest.lock";
			outputPaths = (
			);
			runOnlyForDeploymentPostprocessing = 0;
			shellPath = /bin/sh;
			shellScript = "diff \"${PODS_ROOT}/../Podfile.lock\" \"${PODS_ROOT}/Manifest.lock\" > /dev/null\nif [[ $? != 0 ]] ; then\n    cat << EOM\nerror: The sandbox is not in sync with the Podfile.lock. Run 'pod install' or update your CocoaPods installation.\nEOM\n    exit 1\nfi\n";
			showEnvVarsInLog = 0;
		};
/* End PBXShellScriptBuildPhase section */

/* Begin PBXSourcesBuildPhase section */
		C70ADF4F1A433D1400E182AE /* Sources */ = {
			isa = PBXSourcesBuildPhase;
			buildActionMask = 2147483647;
			files = (
				C70ADF5F1A433D1400E182AE /* ViewController.m in Sources */,
				C70ADF5C1A433D1400E182AE /* AppDelegate.m in Sources */,
				C752AC321A529DF00099BF8E /* webViewController.m in Sources */,
				C70ADF591A433D1400E182AE /* main.m in Sources */,
				C7A0EB251A4492CD00C36DFC /* SettingViewController.m in Sources */,
			);
			runOnlyForDeploymentPostprocessing = 0;
		};
		C70ADF681A433D1400E182AE /* Sources */ = {
			isa = PBXSourcesBuildPhase;
			buildActionMask = 2147483647;
			files = (
				C70ADF731A433D1400E182AE /* _chLeaderTests.m in Sources */,
			);
			runOnlyForDeploymentPostprocessing = 0;
		};
/* End PBXSourcesBuildPhase section */

/* Begin PBXTargetDependency section */
		C70ADF6E1A433D1400E182AE /* PBXTargetDependency */ = {
			isa = PBXTargetDependency;
			target = C70ADF521A433D1400E182AE /* socialmatome */;
			targetProxy = C70ADF6D1A433D1400E182AE /* PBXContainerItemProxy */;
		};
/* End PBXTargetDependency section */

/* Begin PBXVariantGroup section */
		C70ADF601A433D1400E182AE /* Main.storyboard */ = {
			isa = PBXVariantGroup;
			children = (
				C70ADF611A433D1400E182AE /* Base */,
				C78364671A566EA500E57382 /* ja */,
			);
			name = Main.storyboard;
			sourceTree = "<group>";
		};
		C70ADF651A433D1400E182AE /* LaunchScreen.xib */ = {
			isa = PBXVariantGroup;
			children = (
				C70ADF661A433D1400E182AE /* Base */,
				C78364681A566EA500E57382 /* ja */,
			);
			name = LaunchScreen.xib;
			sourceTree = "<group>";
		};
/* End PBXVariantGroup section */

/* Begin XCBuildConfiguration section */
		C70ADF741A433D1400E182AE /* Debug */ = {
			isa = XCBuildConfiguration;
			buildSettings = {
				ALWAYS_SEARCH_USER_PATHS = NO;
				CLANG_CXX_LANGUAGE_STANDARD = "gnu++0x";
				CLANG_CXX_LIBRARY = "libc++";
				CLANG_ENABLE_MODULES = YES;
				CLANG_ENABLE_OBJC_ARC = YES;
				CLANG_WARN_BOOL_CONVERSION = YES;
				CLANG_WARN_CONSTANT_CONVERSION = YES;
				CLANG_WARN_DIRECT_OBJC_ISA_USAGE = YES_ERROR;
				CLANG_WARN_EMPTY_BODY = YES;
				CLANG_WARN_ENUM_CONVERSION = YES;
				CLANG_WARN_INT_CONVERSION = YES;
				CLANG_WARN_OBJC_ROOT_CLASS = YES_ERROR;
				CLANG_WARN_UNREACHABLE_CODE = YES;
				CLANG_WARN__DUPLICATE_METHOD_MATCH = YES;
				"CODE_SIGN_IDENTITY[sdk=iphoneos*]" = "iPhone Developer";
				COPY_PHASE_STRIP = NO;
				ENABLE_STRICT_OBJC_MSGSEND = YES;
				GCC_C_LANGUAGE_STANDARD = gnu99;
				GCC_DYNAMIC_NO_PIC = NO;
				GCC_OPTIMIZATION_LEVEL = 0;
				GCC_PREPROCESSOR_DEFINITIONS = (
					"DEBUG=1",
					"$(inherited)",
				);
				GCC_SYMBOLS_PRIVATE_EXTERN = NO;
				GCC_WARN_64_TO_32_BIT_CONVERSION = YES;
				GCC_WARN_ABOUT_RETURN_TYPE = YES_ERROR;
				GCC_WARN_UNDECLARED_SELECTOR = YES;
				GCC_WARN_UNINITIALIZED_AUTOS = YES_AGGRESSIVE;
				GCC_WARN_UNUSED_FUNCTION = YES;
				GCC_WARN_UNUSED_VARIABLE = YES;
				IPHONEOS_DEPLOYMENT_TARGET = 8.1;
				MTL_ENABLE_DEBUG_INFO = YES;
				ONLY_ACTIVE_ARCH = YES;
				SDKROOT = iphoneos;
			};
			name = Debug;
		};
		C70ADF751A433D1400E182AE /* Release */ = {
			isa = XCBuildConfiguration;
			buildSettings = {
				ALWAYS_SEARCH_USER_PATHS = NO;
				CLANG_CXX_LANGUAGE_STANDARD = "gnu++0x";
				CLANG_CXX_LIBRARY = "libc++";
				CLANG_ENABLE_MODULES = YES;
				CLANG_ENABLE_OBJC_ARC = YES;
				CLANG_WARN_BOOL_CONVERSION = YES;
				CLANG_WARN_CONSTANT_CONVERSION = YES;
				CLANG_WARN_DIRECT_OBJC_ISA_USAGE = YES_ERROR;
				CLANG_WARN_EMPTY_BODY = YES;
				CLANG_WARN_ENUM_CONVERSION = YES;
				CLANG_WARN_INT_CONVERSION = YES;
				CLANG_WARN_OBJC_ROOT_CLASS = YES_ERROR;
				CLANG_WARN_UNREACHABLE_CODE = YES;
				CLANG_WARN__DUPLICATE_METHOD_MATCH = YES;
				"CODE_SIGN_IDENTITY[sdk=iphoneos*]" = "iPhone Developer";
				COPY_PHASE_STRIP = YES;
				ENABLE_NS_ASSERTIONS = NO;
				ENABLE_STRICT_OBJC_MSGSEND = YES;
				GCC_C_LANGUAGE_STANDARD = gnu99;
				GCC_WARN_64_TO_32_BIT_CONVERSION = YES;
				GCC_WARN_ABOUT_RETURN_TYPE = YES_ERROR;
				GCC_WARN_UNDECLARED_SELECTOR = YES;
				GCC_WARN_UNINITIALIZED_AUTOS = YES_AGGRESSIVE;
				GCC_WARN_UNUSED_FUNCTION = YES;
				GCC_WARN_UNUSED_VARIABLE = YES;
				IPHONEOS_DEPLOYMENT_TARGET = 8.1;
				MTL_ENABLE_DEBUG_INFO = NO;
				SDKROOT = iphoneos;
				VALIDATE_PRODUCT = YES;
			};
			name = Release;
		};
		C70ADF771A433D1400E182AE /* Debug */ = {
			isa = XCBuildConfiguration;
			baseConfigurationReference = 15B32DFB39DFD204AA977B0C /* Pods.debug.xcconfig */;
			buildSettings = {
				ASSETCATALOG_COMPILER_APPICON_NAME = AppIcon;
				CODE_SIGN_IDENTITY = "iPhone Developer";
				"CODE_SIGN_IDENTITY[sdk=iphoneos*]" = "iPhone Developer";
				INFOPLIST_FILE = 2chLeader/Info.plist;
				LD_RUNPATH_SEARCH_PATHS = "$(inherited) @executable_path/Frameworks";
				PRODUCT_NAME = socialmatome;
				PROVISIONING_PROFILE = "";
			};
			name = Debug;
		};
		C70ADF781A433D1400E182AE /* Release */ = {
			isa = XCBuildConfiguration;
			baseConfigurationReference = D03AE9022B4022524D424A42 /* Pods.release.xcconfig */;
			buildSettings = {
				ASSETCATALOG_COMPILER_APPICON_NAME = AppIcon;
				CODE_SIGN_IDENTITY = "iPhone Developer";
				"CODE_SIGN_IDENTITY[sdk=iphoneos*]" = "iPhone Developer";
				INFOPLIST_FILE = 2chLeader/Info.plist;
				LD_RUNPATH_SEARCH_PATHS = "$(inherited) @executable_path/Frameworks";
				PRODUCT_NAME = socialmatome;
				PROVISIONING_PROFILE = "";
			};
			name = Release;
		};
		C70ADF7A1A433D1400E182AE /* Debug */ = {
			isa = XCBuildConfiguration;
			buildSettings = {
				BUNDLE_LOADER = "$(TEST_HOST)";
				FRAMEWORK_SEARCH_PATHS = (
					"$(SDKROOT)/Developer/Library/Frameworks",
					"$(inherited)",
				);
				GCC_PREPROCESSOR_DEFINITIONS = (
					"DEBUG=1",
					"$(inherited)",
				);
				INFOPLIST_FILE = 2chLeaderTests/Info.plist;
				LD_RUNPATH_SEARCH_PATHS = "$(inherited) @executable_path/Frameworks @loader_path/Frameworks";
				PRODUCT_NAME = socialmatomeTests;
				TEST_HOST = "$(BUILT_PRODUCTS_DIR)/2chLeader.app/2chLeader";
			};
			name = Debug;
		};
		C70ADF7B1A433D1400E182AE /* Release */ = {
			isa = XCBuildConfiguration;
			buildSettings = {
				BUNDLE_LOADER = "$(TEST_HOST)";
				FRAMEWORK_SEARCH_PATHS = (
					"$(SDKROOT)/Developer/Library/Frameworks",
					"$(inherited)",
				);
				INFOPLIST_FILE = 2chLeaderTests/Info.plist;
				LD_RUNPATH_SEARCH_PATHS = "$(inherited) @executable_path/Frameworks @loader_path/Frameworks";
				PRODUCT_NAME = socialmatomeTests;
				TEST_HOST = "$(BUILT_PRODUCTS_DIR)/2chLeader.app/2chLeader";
			};
			name = Release;
		};
/* End XCBuildConfiguration section */

/* Begin XCConfigurationList section */
		C70ADF4E1A433D1400E182AE /* Build configuration list for PBXProject "socialmatome" */ = {
			isa = XCConfigurationList;
			buildConfigurations = (
				C70ADF741A433D1400E182AE /* Debug */,
				C70ADF751A433D1400E182AE /* Release */,
			);
			defaultConfigurationIsVisible = 0;
			defaultConfigurationName = Release;
		};
		C70ADF761A433D1400E182AE /* Build configuration list for PBXNativeTarget "socialmatome" */ = {
			isa = XCConfigurationList;
			buildConfigurations = (
				C70ADF771A433D1400E182AE /* Debug */,
				C70ADF781A433D1400E182AE /* Release */,
			);
			defaultConfigurationIsVisible = 0;
			defaultConfigurationName = Release;
		};
		C70ADF791A433D1400E182AE /* Build configuration list for PBXNativeTarget "socialmatomeTests" */ = {
			isa = XCConfigurationList;
			buildConfigurations = (
				C70ADF7A1A433D1400E182AE /* Debug */,
				C70ADF7B1A433D1400E182AE /* Release */,
			);
			defaultConfigurationIsVisible = 0;
			defaultConfigurationName = Release;
		};
/* End XCConfigurationList section */
	};
	rootObject = C70ADF4B1A433D1400E182AE /* Project object */;
}
